PODS:
  - Alamofire (2.0.2)
  - DateTools (1.5.0)
  - Eureka (1.4.1)
  - Luncheon (0.2.0):
    - Alamofire (~> 2.0)
    - Placemat (~> 0.2)
  - Napkin (0.2.0):
    - Eureka (~> 1.4)
    - Luncheon (~> 0.2.0)
    - Placemat (~> 0.2.0)
  - Placemat (0.2.0)
  - Realm (0.98.1):
    - Realm/Headers (= 0.98.1)
  - Realm/Headers (0.98.1)
  - RealmSwift (0.98.1):
    - Realm (= 0.98.1)

DEPENDENCIES:
  - DateTools (from `https://github.com/bassrock/DateTools.git`, branch `NSBundle-Fix`)
  - Luncheon (from `https://github.com/Dan2552/Luncheon.git`)
  - Napkin (from `https://github.com/Dan2552/Napkin.git`)
  - RealmSwift (~> 0.98)

EXTERNAL SOURCES:
  DateTools:
    :branch: NSBundle-Fix
    :git: https://github.com/bassrock/DateTools.git
  Luncheon:
    :git: https://github.com/Dan2552/Luncheon.git
  Napkin:
    :git: https://github.com/Dan2552/Napkin.git

CHECKOUT OPTIONS:
  DateTools:
    :commit: 3ca50e68a9c26cecd85852293c1004b999b00a4d
    :git: https://github.com/bassrock/DateTools.git
  Luncheon:
    :commit: d917080f1a0802f0567080568b1e69a677120c53
    :git: https://github.com/Dan2552/Luncheon.git
  Napkin:
    :commit: 0cf200cb3b06aa67848a710578ab9fe0d854255a
    :git: https://github.com/Dan2552/Napkin.git

SPEC CHECKSUMS:
  Alamofire: 8edbab00802a752bb5240cc2abe70e7e881488ad
  DateTools: b93a2c2017747329c6077c7d7e8a75106e23d0d7
  Eureka: 2f1921d3162491921d2fef3b516bc4ef93a05122
  Luncheon: 234eacfddec13142b9691976e9c51ff408f76403
  Napkin: 23ed2f576ca3ef6dd1a8db4b152b5f427958004b
  Placemat: 39c8446df51adaf193d8a06829909579a7fba721
  Realm: ca4a4122e939e228e10694fc49011386cb2ecb07
  RealmSwift: 7d3c7033427816a2c3417ba0d004d694987e503a

COCOAPODS: 0.39.0
