// !$*UTF8*$!
{
	archiveVersion = 1;
	classes = {
	};
	objectVersion = 46;
	objects = {

/* Begin PBXBuildFile section */
		3737B8EF1C7E371F00213701 /* BankIndexViewController.swift in Sources */ = {isa = PBXBuildFile; fileRef = 3737B8EE1C7E371F00213701 /* BankIndexViewController.swift */; };
		3737B8F11C7E3E0B00213701 /* DriverShowViewController.swift in Sources */ = {isa = PBXBuildFile; fileRef = 3737B8F01C7E3E0B00213701 /* DriverShowViewController.swift */; };
		3785782D1C7E62B700C3EEB0 /* UIViewController+Style.swift in Sources */ = {isa = PBXBuildFile; fileRef = 3785782C1C7E62B700C3EEB0 /* UIViewController+Style.swift */; };
		37DBC9111C73B3A70083C56F /* BankFormViewController.swift in Sources */ = {isa = PBXBuildFile; fileRef = 37DBC9101C73B3A70083C56F /* BankFormViewController.swift */; };
		37DBC9131C73BA370083C56F /* Bank.swift in Sources */ = {isa = PBXBuildFile; fileRef = 37DBC9121C73BA370083C56F /* Bank.swift */; };
		37DBC9151C73BF570083C56F /* Int+Oridinal.swift in Sources */ = {isa = PBXBuildFile; fileRef = 37DBC9141C73BF570083C56F /* Int+Oridinal.swift */; };
		37DBC9181C76515C0083C56F /* AsyncronousAccountCreator.swift in Sources */ = {isa = PBXBuildFile; fileRef = 37DBC9171C76515C0083C56F /* AsyncronousAccountCreator.swift */; };
		AB31F387194C9F3A00C07DD6 /* LockViewController.swift in Sources */ = {isa = PBXBuildFile; fileRef = ABE75ECC1941219F008B072F /* LockViewController.swift */; };
		AB9ED7701AF68E1C002C17EF /* Async.swift in Sources */ = {isa = PBXBuildFile; fileRef = AB9ED76F1AF68E1C002C17EF /* Async.swift */; };
		AB9ED7721AF69479002C17EF /* Account.swift in Sources */ = {isa = PBXBuildFile; fileRef = AB9ED7711AF69479002C17EF /* Account.swift */; };
		ABB6F2F81AFFCE9C0015C563 /* ProvisionRealm.swift in Sources */ = {isa = PBXBuildFile; fileRef = ABB6F2F71AFFCE9C0015C563 /* ProvisionRealm.swift */; };
		ABD79B9B1AF685FB00C6254A /* LocalAuthentication.framework in Frameworks */ = {isa = PBXBuildFile; fileRef = ABD79B9A1AF685FB00C6254A /* LocalAuthentication.framework */; };
		ABD99CAC1AF697B2007966DD /* HalifaxDriver.swift in Sources */ = {isa = PBXBuildFile; fileRef = ABD99CAA1AF697B2007966DD /* HalifaxDriver.swift */; };
		ABD99CAD1AF697B2007966DD /* WKWebKitAsyncRunner.swift in Sources */ = {isa = PBXBuildFile; fileRef = ABD99CAB1AF697B2007966DD /* WKWebKitAsyncRunner.swift */; };
		ABD99CAF1AF69838007966DD /* WebViewDriver.swift in Sources */ = {isa = PBXBuildFile; fileRef = ABD99CAE1AF69838007966DD /* WebViewDriver.swift */; };
		ABD99CB21AF69E11007966DD /* AccountTableViewCell.swift in Sources */ = {isa = PBXBuildFile; fileRef = ABD99CB11AF69E11007966DD /* AccountTableViewCell.swift */; };
		ABE75EB019411C9E008B072F /* AppDelegate.swift in Sources */ = {isa = PBXBuildFile; fileRef = ABE75EAF19411C9E008B072F /* AppDelegate.swift */; };
		ABE75EB219411C9E008B072F /* OverviewViewController.swift in Sources */ = {isa = PBXBuildFile; fileRef = ABE75EB119411C9E008B072F /* OverviewViewController.swift */; };
		ABE75EB519411C9E008B072F /* Main.storyboard in Resources */ = {isa = PBXBuildFile; fileRef = ABE75EB319411C9E008B072F /* Main.storyboard */; };
		ABE75EB719411C9E008B072F /* Images.xcassets in Resources */ = {isa = PBXBuildFile; fileRef = ABE75EB619411C9E008B072F /* Images.xcassets */; };
		F84B387CBBAD2759E6468682 /* Pods.framework in Frameworks */ = {isa = PBXBuildFile; fileRef = E2D32922495513B972ACEFD3 /* Pods.framework */; };
/* End PBXBuildFile section */

/* Begin PBXCopyFilesBuildPhase section */
		ABD99CD81AF6C8A2007966DD /* Embed App Extensions */ = {
			isa = PBXCopyFilesBuildPhase;
			buildActionMask = 2147483647;
			dstPath = "";
			dstSubfolderSpec = 13;
			files = (
			);
			name = "Embed App Extensions";
			runOnlyForDeploymentPostprocessing = 0;
		};
/* End PBXCopyFilesBuildPhase section */

/* Begin PBXFileReference section */
		3737B8EE1C7E371F00213701 /* BankIndexViewController.swift */ = {isa = PBXFileReference; fileEncoding = 4; lastKnownFileType = sourcecode.swift; path = BankIndexViewController.swift; sourceTree = "<group>"; };
		3737B8F01C7E3E0B00213701 /* DriverShowViewController.swift */ = {isa = PBXFileReference; fileEncoding = 4; lastKnownFileType = sourcecode.swift; path = DriverShowViewController.swift; sourceTree = "<group>"; };
		3785782C1C7E62B700C3EEB0 /* UIViewController+Style.swift */ = {isa = PBXFileReference; fileEncoding = 4; lastKnownFileType = sourcecode.swift; path = "UIViewController+Style.swift"; sourceTree = "<group>"; };
		37DBC9101C73B3A70083C56F /* BankFormViewController.swift */ = {isa = PBXFileReference; fileEncoding = 4; lastKnownFileType = sourcecode.swift; path = BankFormViewController.swift; sourceTree = "<group>"; };
		37DBC9121C73BA370083C56F /* Bank.swift */ = {isa = PBXFileReference; fileEncoding = 4; lastKnownFileType = sourcecode.swift; path = Bank.swift; sourceTree = "<group>"; };
		37DBC9141C73BF570083C56F /* Int+Oridinal.swift */ = {isa = PBXFileReference; fileEncoding = 4; lastKnownFileType = sourcecode.swift; path = "Int+Oridinal.swift"; sourceTree = "<group>"; };
		37DBC9171C76515C0083C56F /* AsyncronousAccountCreator.swift */ = {isa = PBXFileReference; fileEncoding = 4; lastKnownFileType = sourcecode.swift; path = AsyncronousAccountCreator.swift; sourceTree = "<group>"; };
		51CA237266DD45BCF52484A4 /* Pods.release.xcconfig */ = {isa = PBXFileReference; includeInIndex = 1; lastKnownFileType = text.xcconfig; name = Pods.release.xcconfig; path = "Pods/Target Support Files/Pods/Pods.release.xcconfig"; sourceTree = "<group>"; };
		AB18D3311AF6DE3200F5836F /* TableRowController.swift */ = {isa = PBXFileReference; fileEncoding = 4; lastKnownFileType = sourcecode.swift; name = TableRowController.swift; path = "../Monies WatchKit App/TableRowController.swift"; sourceTree = "<group>"; };
		AB18D3331AF6DF7300F5836F /* Monies WatchKit Extension-Bridging-Header.h */ = {isa = PBXFileReference; lastKnownFileType = sourcecode.c.h; path = "Monies WatchKit Extension-Bridging-Header.h"; sourceTree = "<group>"; };
		AB6A772519479C14009D3D45 /* Monies-Bridging-Header.h */ = {isa = PBXFileReference; lastKnownFileType = sourcecode.objj.h; path = "Monies-Bridging-Header.h"; sourceTree = "<group>"; };
		AB9ED76F1AF68E1C002C17EF /* Async.swift */ = {isa = PBXFileReference; fileEncoding = 4; lastKnownFileType = sourcecode.swift; name = Async.swift; path = Monies/Async.swift; sourceTree = "<group>"; };
		AB9ED7711AF69479002C17EF /* Account.swift */ = {isa = PBXFileReference; fileEncoding = 4; lastKnownFileType = sourcecode.swift; path = Account.swift; sourceTree = "<group>"; };
		ABB6F2F31AFFCCCB0015C563 /* Monies.entitlements */ = {isa = PBXFileReference; lastKnownFileType = text.xml; path = Monies.entitlements; sourceTree = "<group>"; };
		ABB6F2F41AFFCCD80015C563 /* Monies WatchKit Extension.entitlements */ = {isa = PBXFileReference; lastKnownFileType = text.xml; path = "Monies WatchKit Extension.entitlements"; sourceTree = "<group>"; };
		ABB6F2F71AFFCE9C0015C563 /* ProvisionRealm.swift */ = {isa = PBXFileReference; fileEncoding = 4; lastKnownFileType = sourcecode.swift; path = ProvisionRealm.swift; sourceTree = "<group>"; };
		ABD79B9A1AF685FB00C6254A /* LocalAuthentication.framework */ = {isa = PBXFileReference; lastKnownFileType = wrapper.framework; name = LocalAuthentication.framework; path = System/Library/Frameworks/LocalAuthentication.framework; sourceTree = SDKROOT; };
		ABD99CAA1AF697B2007966DD /* HalifaxDriver.swift */ = {isa = PBXFileReference; fileEncoding = 4; lastKnownFileType = sourcecode.swift; path = HalifaxDriver.swift; sourceTree = "<group>"; };
		ABD99CAB1AF697B2007966DD /* WKWebKitAsyncRunner.swift */ = {isa = PBXFileReference; fileEncoding = 4; lastKnownFileType = sourcecode.swift; path = WKWebKitAsyncRunner.swift; sourceTree = "<group>"; };
		ABD99CAE1AF69838007966DD /* WebViewDriver.swift */ = {isa = PBXFileReference; fileEncoding = 4; lastKnownFileType = sourcecode.swift; path = WebViewDriver.swift; sourceTree = "<group>"; };
		ABD99CB11AF69E11007966DD /* AccountTableViewCell.swift */ = {isa = PBXFileReference; fileEncoding = 4; lastKnownFileType = sourcecode.swift; path = AccountTableViewCell.swift; sourceTree = "<group>"; };
		ABD99CBA1AF6C8A2007966DD /* Info.plist */ = {isa = PBXFileReference; lastKnownFileType = text.plist.xml; path = Info.plist; sourceTree = "<group>"; };
		ABD99CBB1AF6C8A2007966DD /* InterfaceController.swift */ = {isa = PBXFileReference; lastKnownFileType = sourcecode.swift; path = InterfaceController.swift; sourceTree = "<group>"; };
		ABD99CBD1AF6C8A2007966DD /* GlanceController.swift */ = {isa = PBXFileReference; lastKnownFileType = sourcecode.swift; path = GlanceController.swift; sourceTree = "<group>"; };
		ABD99CBF1AF6C8A2007966DD /* Images.xcassets */ = {isa = PBXFileReference; lastKnownFileType = folder.assetcatalog; path = Images.xcassets; sourceTree = "<group>"; };
		ABD99CC91AF6C8A2007966DD /* Info.plist */ = {isa = PBXFileReference; lastKnownFileType = text.plist.xml; path = Info.plist; sourceTree = "<group>"; };
		ABD99CCB1AF6C8A2007966DD /* Base */ = {isa = PBXFileReference; lastKnownFileType = file.storyboard; name = Base; path = Base.lproj/Interface.storyboard; sourceTree = "<group>"; };
		ABD99CCD1AF6C8A2007966DD /* Images.xcassets */ = {isa = PBXFileReference; lastKnownFileType = folder.assetcatalog; path = Images.xcassets; sourceTree = "<group>"; };
		ABE75EAA19411C9E008B072F /* Monies.app */ = {isa = PBXFileReference; explicitFileType = wrapper.application; includeInIndex = 0; path = Monies.app; sourceTree = BUILT_PRODUCTS_DIR; };
		ABE75EAE19411C9E008B072F /* Info.plist */ = {isa = PBXFileReference; lastKnownFileType = text.plist.xml; path = Info.plist; sourceTree = "<group>"; };
		ABE75EAF19411C9E008B072F /* AppDelegate.swift */ = {isa = PBXFileReference; lastKnownFileType = sourcecode.swift; path = AppDelegate.swift; sourceTree = "<group>"; };
		ABE75EB119411C9E008B072F /* OverviewViewController.swift */ = {isa = PBXFileReference; lastKnownFileType = sourcecode.swift; path = OverviewViewController.swift; sourceTree = "<group>"; };
		ABE75EB419411C9E008B072F /* Base */ = {isa = PBXFileReference; lastKnownFileType = file.storyboard; name = Base; path = Base.lproj/Main.storyboard; sourceTree = "<group>"; };
		ABE75EB619411C9E008B072F /* Images.xcassets */ = {isa = PBXFileReference; lastKnownFileType = folder.assetcatalog; path = Images.xcassets; sourceTree = "<group>"; };
		ABE75ECC1941219F008B072F /* LockViewController.swift */ = {isa = PBXFileReference; fileEncoding = 4; lastKnownFileType = sourcecode.swift; path = LockViewController.swift; sourceTree = "<group>"; };
		D111B0BB62F71B29FED53DDC /* Pods.debug.xcconfig */ = {isa = PBXFileReference; includeInIndex = 1; lastKnownFileType = text.xcconfig; name = Pods.debug.xcconfig; path = "Pods/Target Support Files/Pods/Pods.debug.xcconfig"; sourceTree = "<group>"; };
		E2D32922495513B972ACEFD3 /* Pods.framework */ = {isa = PBXFileReference; explicitFileType = wrapper.framework; includeInIndex = 0; path = Pods.framework; sourceTree = BUILT_PRODUCTS_DIR; };
/* End PBXFileReference section */

/* Begin PBXFrameworksBuildPhase section */
		ABE75EA719411C9E008B072F /* Frameworks */ = {
			isa = PBXFrameworksBuildPhase;
			buildActionMask = 2147483647;
			files = (
				ABD79B9B1AF685FB00C6254A /* LocalAuthentication.framework in Frameworks */,
				F84B387CBBAD2759E6468682 /* Pods.framework in Frameworks */,
			);
			runOnlyForDeploymentPostprocessing = 0;
		};
/* End PBXFrameworksBuildPhase section */

/* Begin PBXGroup section */
		3737B8EA1C7E35EC00213701 /* Drivers */ = {
			isa = PBXGroup;
			children = (
				3737B8F01C7E3E0B00213701 /* DriverShowViewController.swift */,
			);
			name = Drivers;
			sourceTree = "<group>";
		};
		3737B8EB1C7E368800213701 /* Lock */ = {
			isa = PBXGroup;
			children = (
				ABE75ECC1941219F008B072F /* LockViewController.swift */,
			);
			name = Lock;
			sourceTree = "<group>";
		};
		3737B8EC1C7E369100213701 /* Overview */ = {
			isa = PBXGroup;
			children = (
				ABE75EB119411C9E008B072F /* OverviewViewController.swift */,
			);
			name = Overview;
			sourceTree = "<group>";
		};
		3737B8ED1C7E369D00213701 /* Banks */ = {
			isa = PBXGroup;
			children = (
				3737B8EE1C7E371F00213701 /* BankIndexViewController.swift */,
				37DBC9101C73B3A70083C56F /* BankFormViewController.swift */,
			);
			name = Banks;
			sourceTree = "<group>";
		};
		37DBC9161C73C1670083C56F /* extensions */ = {
			isa = PBXGroup;
			children = (
				37DBC9141C73BF570083C56F /* Int+Oridinal.swift */,
			);
			name = extensions;
			sourceTree = "<group>";
		};
		96CAD505DED9D270BCD6C4E2 /* Pods */ = {
			isa = PBXGroup;
			children = (
				D111B0BB62F71B29FED53DDC /* Pods.debug.xcconfig */,
				51CA237266DD45BCF52484A4 /* Pods.release.xcconfig */,
			);
			name = Pods;
			sourceTree = "<group>";
		};
		AB6A772A19479C3F009D3D45 /* controllers */ = {
			isa = PBXGroup;
			children = (
				3737B8EC1C7E369100213701 /* Overview */,
				3737B8ED1C7E369D00213701 /* Banks */,
				3737B8EA1C7E35EC00213701 /* Drivers */,
				3737B8EB1C7E368800213701 /* Lock */,
			);
			name = controllers;
			sourceTree = "<group>";
		};
		AB9ED7751AF6952A002C17EF /* models */ = {
			isa = PBXGroup;
			children = (
				AB9ED7711AF69479002C17EF /* Account.swift */,
				37DBC9121C73BA370083C56F /* Bank.swift */,
			);
			name = models;
			path = Monies;
			sourceTree = "<group>";
		};
		ABB6F2F51AFFCDFC0015C563 /* Shared Target */ = {
			isa = PBXGroup;
			children = (
				37DBC9161C73C1670083C56F /* extensions */,
				AB9ED76F1AF68E1C002C17EF /* Async.swift */,
				ABB6F2F71AFFCE9C0015C563 /* ProvisionRealm.swift */,
				ABD99CB01AF6983B007966DD /* driver */,
				AB9ED7751AF6952A002C17EF /* models */,
			);
			name = "Shared Target";
			sourceTree = "<group>";
		};
		ABD99CB01AF6983B007966DD /* driver */ = {
			isa = PBXGroup;
			children = (
				ABD99CAA1AF697B2007966DD /* HalifaxDriver.swift */,
				ABD99CAE1AF69838007966DD /* WebViewDriver.swift */,
				ABD99CAB1AF697B2007966DD /* WKWebKitAsyncRunner.swift */,
			);
			name = driver;
			path = Monies;
			sourceTree = "<group>";
		};
		ABD99CB81AF6C8A2007966DD /* Monies WatchKit Extension */ = {
			isa = PBXGroup;
			children = (
				ABB6F2F41AFFCCD80015C563 /* Monies WatchKit Extension.entitlements */,
				ABD99CBB1AF6C8A2007966DD /* InterfaceController.swift */,
				ABD99CBD1AF6C8A2007966DD /* GlanceController.swift */,
				AB18D3311AF6DE3200F5836F /* TableRowController.swift */,
				ABD99CBF1AF6C8A2007966DD /* Images.xcassets */,
				ABD99CB91AF6C8A2007966DD /* Supporting Files */,
				AB18D3331AF6DF7300F5836F /* Monies WatchKit Extension-Bridging-Header.h */,
			);
			path = "Monies WatchKit Extension";
			sourceTree = "<group>";
		};
		ABD99CB91AF6C8A2007966DD /* Supporting Files */ = {
			isa = PBXGroup;
			children = (
				ABD99CBA1AF6C8A2007966DD /* Info.plist */,
			);
			name = "Supporting Files";
			sourceTree = "<group>";
		};
		ABD99CC71AF6C8A2007966DD /* Monies WatchKit App */ = {
			isa = PBXGroup;
			children = (
				ABD99CCA1AF6C8A2007966DD /* Interface.storyboard */,
				ABD99CCD1AF6C8A2007966DD /* Images.xcassets */,
				ABD99CC81AF6C8A2007966DD /* Supporting Files */,
			);
			path = "Monies WatchKit App";
			sourceTree = "<group>";
		};
		ABD99CC81AF6C8A2007966DD /* Supporting Files */ = {
			isa = PBXGroup;
			children = (
				ABD99CC91AF6C8A2007966DD /* Info.plist */,
			);
			name = "Supporting Files";
			sourceTree = "<group>";
		};
		ABE75EA119411C9E008B072F = {
			isa = PBXGroup;
			children = (
				ABB6F2F51AFFCDFC0015C563 /* Shared Target */,
				ABE75EAC19411C9E008B072F /* Monies */,
				ABD99CB81AF6C8A2007966DD /* Monies WatchKit Extension */,
				ABD99CC71AF6C8A2007966DD /* Monies WatchKit App */,
				ABE75EAB19411C9E008B072F /* Products */,
				B1465BB745594AA7B690DDFD /* Frameworks */,
				96CAD505DED9D270BCD6C4E2 /* Pods */,
			);
			sourceTree = "<group>";
		};
		ABE75EAB19411C9E008B072F /* Products */ = {
			isa = PBXGroup;
			children = (
				ABE75EAA19411C9E008B072F /* Monies.app */,
			);
			name = Products;
			sourceTree = "<group>";
		};
		ABE75EAC19411C9E008B072F /* Monies */ = {
			isa = PBXGroup;
			children = (
				ABB6F2F31AFFCCCB0015C563 /* Monies.entitlements */,
				ABE75EAF19411C9E008B072F /* AppDelegate.swift */,
				ABD99CB11AF69E11007966DD /* AccountTableViewCell.swift */,
				AB6A772A19479C3F009D3D45 /* controllers */,
				ABE75EB319411C9E008B072F /* Main.storyboard */,
				ABE75EB619411C9E008B072F /* Images.xcassets */,
				ABE75EAD19411C9E008B072F /* Supporting Files */,
				AB6A772519479C14009D3D45 /* Monies-Bridging-Header.h */,
				37DBC9171C76515C0083C56F /* AsyncronousAccountCreator.swift */,
				3785782C1C7E62B700C3EEB0 /* UIViewController+Style.swift */,
			);
			path = Monies;
			sourceTree = "<group>";
		};
		ABE75EAD19411C9E008B072F /* Supporting Files */ = {
			isa = PBXGroup;
			children = (
				ABE75EAE19411C9E008B072F /* Info.plist */,
			);
			name = "Supporting Files";
			sourceTree = "<group>";
		};
		B1465BB745594AA7B690DDFD /* Frameworks */ = {
			isa = PBXGroup;
			children = (
				ABD79B9A1AF685FB00C6254A /* LocalAuthentication.framework */,
				E2D32922495513B972ACEFD3 /* Pods.framework */,
			);
			name = Frameworks;
			sourceTree = "<group>";
		};
/* End PBXGroup section */

/* Begin PBXNativeTarget section */
		ABE75EA919411C9E008B072F /* Monies */ = {
			isa = PBXNativeTarget;
			buildConfigurationList = ABE75EC619411C9E008B072F /* Build configuration list for PBXNativeTarget "Monies" */;
			buildPhases = (
				7AFF26A597D5E8278B44F90B /* Check Pods Manifest.lock */,
				ABE75EA619411C9E008B072F /* Sources */,
				ABE75EA719411C9E008B072F /* Frameworks */,
				ABE75EA819411C9E008B072F /* Resources */,
				ABD99CD81AF6C8A2007966DD /* Embed App Extensions */,
				3CA41316EC5E25BA535323B4 /* Embed Pods Frameworks */,
				DCED04527BBF542B335C83BE /* Copy Pods Resources */,
			);
			buildRules = (
			);
			dependencies = (
			);
			name = Monies;
			productName = Monies;
			productReference = ABE75EAA19411C9E008B072F /* Monies.app */;
			productType = "com.apple.product-type.application";
		};
/* End PBXNativeTarget section */

/* Begin PBXProject section */
		ABE75EA219411C9E008B072F /* Project object */ = {
			isa = PBXProject;
			attributes = {
				LastSwiftMigration = 0720;
				LastSwiftUpdateCheck = 0720;
				LastUpgradeCheck = 0600;
				ORGANIZATIONNAME = "Daniel Green";
				TargetAttributes = {
					ABE75EA919411C9E008B072F = {
						CreatedOnToolsVersion = 6.0;
						DevelopmentTeam = 3K2TUP9VBZ;
						SystemCapabilities = {
						};
					};
				};
			};
			buildConfigurationList = ABE75EA519411C9E008B072F /* Build configuration list for PBXProject "Monies" */;
			compatibilityVersion = "Xcode 3.2";
			developmentRegion = English;
			hasScannedForEncodings = 0;
			knownRegions = (
				en,
				Base,
			);
			mainGroup = ABE75EA119411C9E008B072F;
			productRefGroup = ABE75EAB19411C9E008B072F /* Products */;
			projectDirPath = "";
			projectRoot = "";
			targets = (
				ABE75EA919411C9E008B072F /* Monies */,
			);
		};
/* End PBXProject section */

/* Begin PBXResourcesBuildPhase section */
		ABE75EA819411C9E008B072F /* Resources */ = {
			isa = PBXResourcesBuildPhase;
			buildActionMask = 2147483647;
			files = (
				ABE75EB519411C9E008B072F /* Main.storyboard in Resources */,
				ABE75EB719411C9E008B072F /* Images.xcassets in Resources */,
			);
			runOnlyForDeploymentPostprocessing = 0;
		};
/* End PBXResourcesBuildPhase section */

/* Begin PBXShellScriptBuildPhase section */
		3CA41316EC5E25BA535323B4 /* Embed Pods Frameworks */ = {
			isa = PBXShellScriptBuildPhase;
			buildActionMask = 2147483647;
			files = (
			);
			inputPaths = (
			);
			name = "Embed Pods Frameworks";
			outputPaths = (
			);
			runOnlyForDeploymentPostprocessing = 0;
			shellPath = /bin/sh;
			shellScript = "\"${SRCROOT}/Pods/Target Support Files/Pods/Pods-frameworks.sh\"\n";
			showEnvVarsInLog = 0;
		};
		7AFF26A597D5E8278B44F90B /* Check Pods Manifest.lock */ = {
			isa = PBXShellScriptBuildPhase;
			buildActionMask = 2147483647;
			files = (
			);
			inputPaths = (
			);
			name = "Check Pods Manifest.lock";
			outputPaths = (
			);
			runOnlyForDeploymentPostprocessing = 0;
			shellPath = /bin/sh;
			shellScript = "diff \"${PODS_ROOT}/../Podfile.lock\" \"${PODS_ROOT}/Manifest.lock\" > /dev/null\nif [[ $? != 0 ]] ; then\n    cat << EOM\nerror: The sandbox is not in sync with the Podfile.lock. Run 'pod install' or update your CocoaPods installation.\nEOM\n    exit 1\nfi\n";
			showEnvVarsInLog = 0;
		};
		DCED04527BBF542B335C83BE /* Copy Pods Resources */ = {
			isa = PBXShellScriptBuildPhase;
			buildActionMask = 2147483647;
			files = (
			);
			inputPaths = (
			);
			name = "Copy Pods Resources";
			outputPaths = (
			);
			runOnlyForDeploymentPostprocessing = 0;
			shellPath = /bin/sh;
			shellScript = "\"${SRCROOT}/Pods/Target Support Files/Pods/Pods-resources.sh\"\n";
			showEnvVarsInLog = 0;
		};
/* End PBXShellScriptBuildPhase section */

/* Begin PBXSourcesBuildPhase section */
		ABE75EA619411C9E008B072F /* Sources */ = {
			isa = PBXSourcesBuildPhase;
			buildActionMask = 2147483647;
			files = (
				3737B8F11C7E3E0B00213701 /* DriverShowViewController.swift in Sources */,
				3737B8EF1C7E371F00213701 /* BankIndexViewController.swift in Sources */,
				37DBC9111C73B3A70083C56F /* BankFormViewController.swift in Sources */,
				AB9ED7721AF69479002C17EF /* Account.swift in Sources */,
				37DBC9131C73BA370083C56F /* Bank.swift in Sources */,
				ABB6F2F81AFFCE9C0015C563 /* ProvisionRealm.swift in Sources */,
				ABD99CAF1AF69838007966DD /* WebViewDriver.swift in Sources */,
				ABD99CB21AF69E11007966DD /* AccountTableViewCell.swift in Sources */,
				AB31F387194C9F3A00C07DD6 /* LockViewController.swift in Sources */,
				3785782D1C7E62B700C3EEB0 /* UIViewController+Style.swift in Sources */,
				ABE75EB219411C9E008B072F /* OverviewViewController.swift in Sources */,
				37DBC9151C73BF570083C56F /* Int+Oridinal.swift in Sources */,
				ABD99CAD1AF697B2007966DD /* WKWebKitAsyncRunner.swift in Sources */,
				ABE75EB019411C9E008B072F /* AppDelegate.swift in Sources */,
				ABD99CAC1AF697B2007966DD /* HalifaxDriver.swift in Sources */,
				AB9ED7701AF68E1C002C17EF /* Async.swift in Sources */,
				37DBC9181C76515C0083C56F /* AsyncronousAccountCreator.swift in Sources */,
			);
			runOnlyForDeploymentPostprocessing = 0;
		};
/* End PBXSourcesBuildPhase section */

/* Begin PBXVariantGroup section */
		ABD99CCA1AF6C8A2007966DD /* Interface.storyboard */ = {
			isa = PBXVariantGroup;
			children = (
				ABD99CCB1AF6C8A2007966DD /* Base */,
			);
			name = Interface.storyboard;
			sourceTree = "<group>";
		};
		ABE75EB319411C9E008B072F /* Main.storyboard */ = {
			isa = PBXVariantGroup;
			children = (
				ABE75EB419411C9E008B072F /* Base */,
			);
			name = Main.storyboard;
			sourceTree = "<group>";
		};
/* End PBXVariantGroup section */

/* Begin XCBuildConfiguration section */
		ABE75EC419411C9E008B072F /* Debug */ = {
			isa = XCBuildConfiguration;
			buildSettings = {
				ALWAYS_SEARCH_USER_PATHS = NO;
				CLANG_CXX_LANGUAGE_STANDARD = "gnu++0x";
				CLANG_CXX_LIBRARY = "libc++";
				CLANG_ENABLE_MODULES = YES;
				CLANG_ENABLE_OBJC_ARC = YES;
				CLANG_WARN_BOOL_CONVERSION = YES;
				CLANG_WARN_CONSTANT_CONVERSION = YES;
				CLANG_WARN_DIRECT_OBJC_ISA_USAGE = YES_ERROR;
				CLANG_WARN_EMPTY_BODY = YES;
				CLANG_WARN_ENUM_CONVERSION = YES;
				CLANG_WARN_INT_CONVERSION = YES;
				CLANG_WARN_OBJC_ROOT_CLASS = YES_ERROR;
				CLANG_WARN_UNREACHABLE_CODE = YES;
				CLANG_WARN__DUPLICATE_METHOD_MATCH = YES;
				"CODE_SIGN_IDENTITY[sdk=iphoneos*]" = "iPhone Developer";
				COPY_PHASE_STRIP = NO;
				DEBUG_INFORMATION_FORMAT = dwarf;
				ENABLE_STRICT_OBJC_MSGSEND = YES;
				ENABLE_TESTABILITY = YES;
				GCC_C_LANGUAGE_STANDARD = gnu99;
				GCC_DYNAMIC_NO_PIC = NO;
				GCC_NO_COMMON_BLOCKS = YES;
				GCC_OPTIMIZATION_LEVEL = 0;
				GCC_PREPROCESSOR_DEFINITIONS = (
					"DEBUG=1",
					"$(inherited)",
				);
				GCC_WARN_64_TO_32_BIT_CONVERSION = YES;
				GCC_WARN_ABOUT_RETURN_TYPE = YES_ERROR;
				GCC_WARN_UNDECLARED_SELECTOR = YES;
				GCC_WARN_UNINITIALIZED_AUTOS = YES_AGGRESSIVE;
				GCC_WARN_UNUSED_FUNCTION = YES;
				GCC_WARN_UNUSED_VARIABLE = YES;
				IPHONEOS_DEPLOYMENT_TARGET = 9.0;
				MTL_ENABLE_DEBUG_INFO = YES;
				ONLY_ACTIVE_ARCH = YES;
				SDKROOT = iphoneos;
				SWIFT_OPTIMIZATION_LEVEL = "-Onone";
			};
			name = Debug;
		};
		ABE75EC519411C9E008B072F /* Release */ = {
			isa = XCBuildConfiguration;
			buildSettings = {
				ALWAYS_SEARCH_USER_PATHS = NO;
				CLANG_CXX_LANGUAGE_STANDARD = "gnu++0x";
				CLANG_CXX_LIBRARY = "libc++";
				CLANG_ENABLE_MODULES = YES;
				CLANG_ENABLE_OBJC_ARC = YES;
				CLANG_WARN_BOOL_CONVERSION = YES;
				CLANG_WARN_CONSTANT_CONVERSION = YES;
				CLANG_WARN_DIRECT_OBJC_ISA_USAGE = YES_ERROR;
				CLANG_WARN_EMPTY_BODY = YES;
				CLANG_WARN_ENUM_CONVERSION = YES;
				CLANG_WARN_INT_CONVERSION = YES;
				CLANG_WARN_OBJC_ROOT_CLASS = YES_ERROR;
				CLANG_WARN_UNREACHABLE_CODE = YES;
				CLANG_WARN__DUPLICATE_METHOD_MATCH = YES;
				"CODE_SIGN_IDENTITY[sdk=iphoneos*]" = "iPhone Developer";
				COPY_PHASE_STRIP = NO;
				DEBUG_INFORMATION_FORMAT = "dwarf-with-dsym";
				ENABLE_NS_ASSERTIONS = NO;
				ENABLE_STRICT_OBJC_MSGSEND = YES;
				GCC_C_LANGUAGE_STANDARD = gnu99;
				GCC_NO_COMMON_BLOCKS = YES;
				GCC_WARN_64_TO_32_BIT_CONVERSION = YES;
				GCC_WARN_ABOUT_RETURN_TYPE = YES_ERROR;
				GCC_WARN_UNDECLARED_SELECTOR = YES;
				GCC_WARN_UNINITIALIZED_AUTOS = YES_AGGRESSIVE;
				GCC_WARN_UNUSED_FUNCTION = YES;
				GCC_WARN_UNUSED_VARIABLE = YES;
				IPHONEOS_DEPLOYMENT_TARGET = 9.0;
				MTL_ENABLE_DEBUG_INFO = NO;
				SDKROOT = iphoneos;
				VALIDATE_PRODUCT = YES;
			};
			name = Release;
		};
		ABE75EC719411C9E008B072F /* Debug */ = {
			isa = XCBuildConfiguration;
			baseConfigurationReference = D111B0BB62F71B29FED53DDC /* Pods.debug.xcconfig */;
			buildSettings = {
				ASSETCATALOG_COMPILER_APPICON_NAME = AppIcon;
				INFOPLIST_FILE = Monies/Info.plist;
				LD_RUNPATH_SEARCH_PATHS = "$(inherited) @executable_path/Frameworks";
				PRODUCT_BUNDLE_IDENTIFIER = uk.danielgreen.MyMonies;
				PRODUCT_NAME = "$(TARGET_NAME)";
			};
			name = Debug;
		};
		ABE75EC819411C9E008B072F /* Release */ = {
			isa = XCBuildConfiguration;
			baseConfigurationReference = 51CA237266DD45BCF52484A4 /* Pods.release.xcconfig */;
			buildSettings = {
				ASSETCATALOG_COMPILER_APPICON_NAME = AppIcon;
				INFOPLIST_FILE = Monies/Info.plist;
				LD_RUNPATH_SEARCH_PATHS = "$(inherited) @executable_path/Frameworks";
				PRODUCT_BUNDLE_IDENTIFIER = uk.danielgreen.MyMonies;
				PRODUCT_NAME = "$(TARGET_NAME)";
			};
			name = Release;
		};
/* End XCBuildConfiguration section */

/* Begin XCConfigurationList section */
		ABE75EA519411C9E008B072F /* Build configuration list for PBXProject "Monies" */ = {
			isa = XCConfigurationList;
			buildConfigurations = (
				ABE75EC419411C9E008B072F /* Debug */,
				ABE75EC519411C9E008B072F /* Release */,
			);
			defaultConfigurationIsVisible = 0;
			defaultConfigurationName = Release;
		};
		ABE75EC619411C9E008B072F /* Build configuration list for PBXNativeTarget "Monies" */ = {
			isa = XCConfigurationList;
			buildConfigurations = (
				ABE75EC719411C9E008B072F /* Debug */,
				ABE75EC819411C9E008B072F /* Release */,
			);
			defaultConfigurationIsVisible = 0;
			defaultConfigurationName = Release;
		};
/* End XCConfigurationList section */
	};
	rootObject = ABE75EA219411C9E008B072F /* Project object */;
}
